
Microsoft Visual Studio Solution File, Format Version 12.00
# Visual Studio Version 17
VisualStudioVersion = 17.9.34622.214
MinimumVisualStudioVersion = 10.0.40219.1
Project("{FAE04EC0-301F-11D3-BF4B-00C04F79EFBC}") = "csharplab8-SheichukOlexandr", "csharplab8-SheichukOlexandr.csproj", "{76370A0B-5AF0-4835-9133-F37E4B5A67DD}"
EndProject
Global
	GlobalSection(SolutionConfigurationPlatforms) = preSolution
		Debug|Any CPU = Debug|Any CPU
		Release|Any CPU = Release|Any CPU
	EndGlobalSection
	GlobalSection(ProjectConfigurationPlatforms) = postSolution
		{76370A0B-5AF0-4835-9133-F37E4B5A67DD}.Debug|Any CPU.ActiveCfg = Debug|Any CPU
		{76370A0B-5AF0-4835-9133-F37E4B5A67DD}.Debug|Any CPU.Build.0 = Debug|Any CPU
		{76370A0B-5AF0-4835-9133-F37E4B5A67DD}.Release|Any CPU.ActiveCfg = Release|Any CPU
		{76370A0B-5AF0-4835-9133-F37E4B5A67DD}.Release|Any CPU.Build.0 = Release|Any CPU
	EndGlobalSection
	GlobalSection(SolutionProperties) = preSolution
		HideSolutionNode = FALSE
	EndGlobalSection
	GlobalSection(ExtensibilityGlobals) = postSolution
		SolutionGuid = {B893A4D2-D821-48B8-8846-27A5BFEC1685}
	EndGlobalSection
EndGlobal
